// !$*UTF8*$!
{
	archiveVersion = 1;
	classes = {
	};
	objectVersion = 50;
	objects = {

/* Begin PBXBuildFile section */
		3712C3E023F50F1B00BCF550 /* AppDelegate.swift in Sources */ = {isa = PBXBuildFile; fileRef = 3712C3DF23F50F1B00BCF550 /* AppDelegate.swift */; };
		3712C3E223F50F1B00BCF550 /* SceneDelegate.swift in Sources */ = {isa = PBXBuildFile; fileRef = 3712C3E123F50F1B00BCF550 /* SceneDelegate.swift */; };
		3712C3E423F50F1B00BCF550 /* ContentView.swift in Sources */ = {isa = PBXBuildFile; fileRef = 3712C3E323F50F1B00BCF550 /* ContentView.swift */; };
		3712C3E623F50F1F00BCF550 /* Assets.xcassets in Resources */ = {isa = PBXBuildFile; fileRef = 3712C3E523F50F1F00BCF550 /* Assets.xcassets */; };
		3712C3E923F50F1F00BCF550 /* Preview Assets.xcassets in Resources */ = {isa = PBXBuildFile; fileRef = 3712C3E823F50F1F00BCF550 /* Preview Assets.xcassets */; };
		3712C3EC23F50F1F00BCF550 /* LaunchScreen.storyboard in Resources */ = {isa = PBXBuildFile; fileRef = 3712C3EA23F50F1F00BCF550 /* LaunchScreen.storyboard */; };
		3712C3F423F5100A00BCF550 /* GCPresentedView.swift in Sources */ = {isa = PBXBuildFile; fileRef = 3712C3F323F5100A00BCF550 /* GCPresentedView.swift */; };
/* End PBXBuildFile section */

/* Begin PBXFileReference section */
		3712C3DC23F50F1B00BCF550 /* GCSheetModalView.app */ = {isa = PBXFileReference; explicitFileType = wrapper.application; includeInIndex = 0; path = GCSheetModalView.app; sourceTree = BUILT_PRODUCTS_DIR; };
		3712C3DF23F50F1B00BCF550 /* AppDelegate.swift */ = {isa = PBXFileReference; lastKnownFileType = sourcecode.swift; path = AppDelegate.swift; sourceTree = "<group>"; };
		3712C3E123F50F1B00BCF550 /* SceneDelegate.swift */ = {isa = PBXFileReference; lastKnownFileType = sourcecode.swift; path = SceneDelegate.swift; sourceTree = "<group>"; };
		3712C3E323F50F1B00BCF550 /* ContentView.swift */ = {isa = PBXFileReference; lastKnownFileType = sourcecode.swift; path = ContentView.swift; sourceTree = "<group>"; };
		3712C3E523F50F1F00BCF550 /* Assets.xcassets */ = {isa = PBXFileReference; lastKnownFileType = folder.assetcatalog; path = Assets.xcassets; sourceTree = "<group>"; };
		3712C3E823F50F1F00BCF550 /* Preview Assets.xcassets */ = {isa = PBXFileReference; lastKnownFileType = folder.assetcatalog; path = "Preview Assets.xcassets"; sourceTree = "<group>"; };
		3712C3EB23F50F1F00BCF550 /* Base */ = {isa = PBXFileReference; lastKnownFileType = file.storyboard; name = Base; path = Base.lproj/LaunchScreen.storyboard; sourceTree = "<group>"; };
		3712C3ED23F50F1F00BCF550 /* Info.plist */ = {isa = PBXFileReference; lastKnownFileType = text.plist.xml; path = Info.plist; sourceTree = "<group>"; };
		3712C3F323F5100A00BCF550 /* GCPresentedView.swift */ = {isa = PBXFileReference; lastKnownFileType = sourcecode.swift; path = GCPresentedView.swift; sourceTree = "<group>"; };
/* End PBXFileReference section */

/* Begin PBXFrameworksBuildPhase section */
		3712C3D923F50F1B00BCF550 /* Frameworks */ = {
			isa = PBXFrameworksBuildPhase;
			buildActionMask = 2147483647;
			files = (
			);
			runOnlyForDeploymentPostprocessing = 0;
		};
/* End PBXFrameworksBuildPhase section */

/* Begin PBXGroup section */
		3712C3D323F50F1B00BCF550 = {
			isa = PBXGroup;
			children = (
				3712C3DE23F50F1B00BCF550 /* GCSheetModalView */,
				3712C3DD23F50F1B00BCF550 /* Products */,
			);
			sourceTree = "<group>";
		};
		3712C3DD23F50F1B00BCF550 /* Products */ = {
			isa = PBXGroup;
			children = (
				3712C3DC23F50F1B00BCF550 /* GCSheetModalView.app */,
			);
			name = Products;
			sourceTree = "<group>";
		};
		3712C3DE23F50F1B00BCF550 /* GCSheetModalView */ = {
			isa = PBXGroup;
			children = (
				3712C3DF23F50F1B00BCF550 /* AppDelegate.swift */,
				3712C3E123F50F1B00BCF550 /* SceneDelegate.swift */,
				3712C3E323F50F1B00BCF550 /* ContentView.swift */,
				3712C3F323F5100A00BCF550 /* GCPresentedView.swift */,
				3712C3E523F50F1F00BCF550 /* Assets.xcassets */,
				3712C3EA23F50F1F00BCF550 /* LaunchScreen.storyboard */,
				3712C3ED23F50F1F00BCF550 /* Info.plist */,
				3712C3E723F50F1F00BCF550 /* Preview Content */,
			);
			path = GCSheetModalView;
			sourceTree = "<group>";
		};
		3712C3E723F50F1F00BCF550 /* Preview Content */ = {
			isa = PBXGroup;
			children = (
				3712C3E823F50F1F00BCF550 /* Preview Assets.xcassets */,
			);
			path = "Preview Content";
			sourceTree = "<group>";
		};
/* End PBXGroup section */

/* Begin PBXNativeTarget section */
		3712C3DB23F50F1B00BCF550 /* GCSheetModalView */ = {
			isa = PBXNativeTarget;
			buildConfigurationList = 3712C3F023F50F1F00BCF550 /* Build configuration list for PBXNativeTarget "GCSheetModalView" */;
			buildPhases = (
				3712C3D823F50F1B00BCF550 /* Sources */,
				3712C3D923F50F1B00BCF550 /* Frameworks */,
				3712C3DA23F50F1B00BCF550 /* Resources */,
			);
			buildRules = (
			);
			dependencies = (
			);
			name = GCSheetModalView;
			productName = GCSheetModalView;
			productReference = 3712C3DC23F50F1B00BCF550 /* GCSheetModalView.app */;
			productType = "com.apple.product-type.application";
		};
/* End PBXNativeTarget section */

/* Begin PBXProject section */
		3712C3D423F50F1B00BCF550 /* Project object */ = {
			isa = PBXProject;
			attributes = {
				LastSwiftUpdateCheck = 1130;
				LastUpgradeCheck = 1130;
				ORGANIZATIONNAME = GarveyCalvin;
				TargetAttributes = {
					3712C3DB23F50F1B00BCF550 = {
						CreatedOnToolsVersion = 11.3.1;
					};
				};
			};
			buildConfigurationList = 3712C3D723F50F1B00BCF550 /* Build configuration list for PBXProject "GCSheetModalView" */;
			compatibilityVersion = "Xcode 9.3";
			developmentRegion = en;
			hasScannedForEncodings = 0;
			knownRegions = (
				en,
				Base,
			);
			mainGroup = 3712C3D323F50F1B00BCF550;
			productRefGroup = 3712C3DD23F50F1B00BCF550 /* Products */;
			projectDirPath = "";
			projectRoot = "";
			targets = (
				3712C3DB23F50F1B00BCF550 /* GCSheetModalView */,
			);
		};
/* End PBXProject section */

/* Begin PBXResourcesBuildPhase section */
		3712C3DA23F50F1B00BCF550 /* Resources */ = {
			isa = PBXResourcesBuildPhase;
			buildActionMask = 2147483647;
			files = (
				3712C3EC23F50F1F00BCF550 /* LaunchScreen.storyboard in Resources */,
				3712C3E923F50F1F00BCF550 /* Preview Assets.xcassets in Resources */,
				3712C3E623F50F1F00BCF550 /* Assets.xcassets in Resources */,
			);
			runOnlyForDeploymentPostprocessing = 0;
		};
/* End PBXResourcesBuildPhase section */

/* Begin PBXSourcesBuildPhase section */
		3712C3D823F50F1B00BCF550 /* Sources */ = {
			isa = PBXSourcesBuildPhase;
			buildActionMask = 2147483647;
			files = (
				3712C3E023F50F1B00BCF550 /* AppDelegate.swift in Sources */,
				3712C3E223F50F1B00BCF550 /* SceneDelegate.swift in Sources */,
				3712C3E423F50F1B00BCF550 /* ContentView.swift in Sources */,
				3712C3F423F5100A00BCF550 /* GCPresentedView.swift in Sources */,
			);
			runOnlyForDeploymentPostprocessing = 0;
		};
/* End PBXSourcesBuildPhase section */

/* Begin PBXVariantGroup section */
		3712C3EA23F50F1F00BCF550 /* LaunchScreen.storyboard */ = {
			isa = PBXVariantGroup;
			children = (
				3712C3EB23F50F1F00BCF550 /* Base */,
			);
			name = LaunchScreen.storyboard;
			sourceTree = "<group>";
		};
/* End PBXVariantGroup section */

/* Begin XCBuildConfiguration section */
		3712C3EE23F50F1F00BCF550 /* Debug */ = {
			isa = XCBuildConfiguration;
			buildSettings = {
				ALWAYS_SEARCH_USER_PATHS = NO;
				CLANG_ANALYZER_NONNULL = YES;
				CLANG_ANALYZER_NUMBER_OBJECT_CONVERSION = YES_AGGRESSIVE;
				CLANG_CXX_LANGUAGE_STANDARD = "gnu++14";
				CLANG_CXX_LIBRARY = "libc++";
				CLANG_ENABLE_MODULES = YES;
				CLANG_ENABLE_OBJC_ARC = YES;
				CLANG_ENABLE_OBJC_WEAK = YES;
				CLANG_WARN_BLOCK_CAPTURE_AUTORELEASING = YES;
				CLANG_WARN_BOOL_CONVERSION = YES;
				CLANG_WARN_COMMA = YES;
				CLANG_WARN_CONSTANT_CONVERSION = YES;
				CLANG_WARN_DEPRECATED_OBJC_IMPLEMENTATIONS = YES;
				CLANG_WARN_DIRECT_OBJC_ISA_USAGE = YES_ERROR;
				CLANG_WARN_DOCUMENTATION_COMMENTS = YES;
				CLANG_WARN_EMPTY_BODY = YES;
				CLANG_WARN_ENUM_CONVERSION = YES;
				CLANG_WARN_INFINITE_RECURSION = YES;
				CLANG_WARN_INT_CONVERSION = YES;
				CLANG_WARN_NON_LITERAL_NULL_CONVERSION = YES;
				CLANG_WARN_OBJC_IMPLICIT_RETAIN_SELF = YES;
				CLANG_WARN_OBJC_LITERAL_CONVERSION = YES;
				CLANG_WARN_OBJC_ROOT_CLASS = YES_ERROR;
				CLANG_WARN_RANGE_LOOP_ANALYSIS = YES;
				CLANG_WARN_STRICT_PROTOTYPES = YES;
				CLANG_WARN_SUSPICIOUS_MOVE = YES;
				CLANG_WARN_UNGUARDED_AVAILABILITY = YES_AGGRESSIVE;
				CLANG_WARN_UNREACHABLE_CODE = YES;
				CLANG_WARN__DUPLICATE_METHOD_MATCH = YES;
				COPY_PHASE_STRIP = NO;
				DEBUG_INFORMATION_FORMAT = dwarf;
				ENABLE_STRICT_OBJC_MSGSEND = YES;
				ENABLE_TESTABILITY = YES;
				GCC_C_LANGUAGE_STANDARD = gnu11;
				GCC_DYNAMIC_NO_PIC = NO;
				GCC_NO_COMMON_BLOCKS = YES;
				GCC_OPTIMIZATION_LEVEL = 0;
				GCC_PREPROCESSOR_DEFINITIONS = (
					"DEBUG=1",
					"$(inherited)",
				);
				GCC_WARN_64_TO_32_BIT_CONVERSION = YES;
				GCC_WARN_ABOUT_RETURN_TYPE = YES_ERROR;
				GCC_WARN_UNDECLARED_SELECTOR = YES;
				GCC_WARN_UNINITIALIZED_AUTOS = YES_AGGRESSIVE;
				GCC_WARN_UNUSED_FUNCTION = YES;
				GCC_WARN_UNUSED_VARIABLE = YES;
				IPHONEOS_DEPLOYMENT_TARGET = 13.2;
				MTL_ENABLE_DEBUG_INFO = INCLUDE_SOURCE;
				MTL_FAST_MATH = YES;
				ONLY_ACTIVE_ARCH = YES;
				SDKROOT = iphoneos;
				SWIFT_ACTIVE_COMPILATION_CONDITIONS = DEBUG;
				SWIFT_OPTIMIZATION_LEVEL = "-Onone";
			};
			name = Debug;
		};
		3712C3EF23F50F1F00BCF550 /* Release */ = {
			isa = XCBuildConfiguration;
			buildSettings = {
				ALWAYS_SEARCH_USER_PATHS = NO;
				CLANG_ANALYZER_NONNULL = YES;
				CLANG_ANALYZER_NUMBER_OBJECT_CONVERSION = YES_AGGRESSIVE;
				CLANG_CXX_LANGUAGE_STANDARD = "gnu++14";
				CLANG_CXX_LIBRARY = "libc++";
				CLANG_ENABLE_MODULES = YES;
				CLANG_ENABLE_OBJC_ARC = YES;
				CLANG_ENABLE_OBJC_WEAK = YES;
				CLANG_WARN_BLOCK_CAPTURE_AUTORELEASING = YES;
				CLANG_WARN_BOOL_CONVERSION = YES;
				CLANG_WARN_COMMA = YES;
				CLANG_WARN_CONSTANT_CONVERSION = YES;
				CLANG_WARN_DEPRECATED_OBJC_IMPLEMENTATIONS = YES;
				CLANG_WARN_DIRECT_OBJC_ISA_USAGE = YES_ERROR;
				CLANG_WARN_DOCUMENTATION_COMMENTS = YES;
				CLANG_WARN_EMPTY_BODY = YES;
				CLANG_WARN_ENUM_CONVERSION = YES;
				CLANG_WARN_INFINITE_RECURSION = YES;
				CLANG_WARN_INT_CONVERSION = YES;
				CLANG_WARN_NON_LITERAL_NULL_CONVERSION = YES;
				CLANG_WARN_OBJC_IMPLICIT_RETAIN_SELF = YES;
				CLANG_WARN_OBJC_LITERAL_CONVERSION = YES;
				CLANG_WARN_OBJC_ROOT_CLASS = YES_ERROR;
				CLANG_WARN_RANGE_LOOP_ANALYSIS = YES;
				CLANG_WARN_STRICT_PROTOTYPES = YES;
				CLANG_WARN_SUSPICIOUS_MOVE = YES;
				CLANG_WARN_UNGUARDED_AVAILABILITY = YES_AGGRESSIVE;
				CLANG_WARN_UNREACHABLE_CODE = YES;
				CLANG_WARN__DUPLICATE_METHOD_MATCH = YES;
				COPY_PHASE_STRIP = NO;
				DEBUG_INFORMATION_FORMAT = "dwarf-with-dsym";
				ENABLE_NS_ASSERTIONS = NO;
				ENABLE_STRICT_OBJC_MSGSEND = YES;
				GCC_C_LANGUAGE_STANDARD = gnu11;
				GCC_NO_COMMON_BLOCKS = YES;
				GCC_WARN_64_TO_32_BIT_CONVERSION = YES;
				GCC_WARN_ABOUT_RETURN_TYPE = YES_ERROR;
				GCC_WARN_UNDECLARED_SELECTOR = YES;
				GCC_WARN_UNINITIALIZED_AUTOS = YES_AGGRESSIVE;
				GCC_WARN_UNUSED_FUNCTION = YES;
				GCC_WARN_UNUSED_VARIABLE = YES;
				IPHONEOS_DEPLOYMENT_TARGET = 13.2;
				MTL_ENABLE_DEBUG_INFO = NO;
				MTL_FAST_MATH = YES;
				SDKROOT = iphoneos;
				SWIFT_COMPILATION_MODE = wholemodule;
				SWIFT_OPTIMIZATION_LEVEL = "-O";
				VALIDATE_PRODUCT = YES;
			};
			name = Release;
		};
		3712C3F123F50F1F00BCF550 /* Debug */ = {
			isa = XCBuildConfiguration;
			buildSettings = {
				ASSETCATALOG_COMPILER_APPICON_NAME = AppIcon;
				CODE_SIGN_STYLE = Automatic;
				DEVELOPMENT_ASSET_PATHS = "\"GCSheetModalView/Preview Content\"";
				ENABLE_PREVIEWS = YES;
				INFOPLIST_FILE = GCSheetModalView/Info.plist;
				LD_RUNPATH_SEARCH_PATHS = (
					"$(inherited)",
					"@executable_path/Frameworks",
				);
				PRODUCT_BUNDLE_IDENTIFIER = com.GarveyCalvin.GCSheetModalView;
				PRODUCT_NAME = "$(TARGET_NAME)";
				SWIFT_VERSION = 5.0;
				TARGETED_DEVICE_FAMILY = "1,2";
			};
			name = Debug;
		};
		3712C3F223F50F1F00BCF550 /* Release */ = {
			isa = XCBuildConfiguration;
			buildSettings = {
				ASSETCATALOG_COMPILER_APPICON_NAME = AppIcon;
				CODE_SIGN_STYLE = Automatic;
				DEVELOPMENT_ASSET_PATHS = "\"GCSheetModalView/Preview Content\"";
				ENABLE_PREVIEWS = YES;
				INFOPLIST_FILE = GCSheetModalView/Info.plist;
				LD_RUNPATH_SEARCH_PATHS = (
					"$(inherited)",
					"@executable_path/Frameworks",
				);
				PRODUCT_BUNDLE_IDENTIFIER = com.GarveyCalvin.GCSheetModalView;
				PRODUCT_NAME = "$(TARGET_NAME)";
				SWIFT_VERSION = 5.0;
				TARGETED_DEVICE_FAMILY = "1,2";
			};
			name = Release;
		};
/* End XCBuildConfiguration section */

/* Begin XCConfigurationList section */
		3712C3D723F50F1B00BCF550 /* Build configuration list for PBXProject "GCSheetModalView" */ = {
			isa = XCConfigurationList;
			buildConfigurations = (
				3712C3EE23F50F1F00BCF550 /* Debug */,
				3712C3EF23F50F1F00BCF550 /* Release */,
			);
			defaultConfigurationIsVisible = 0;
			defaultConfigurationName = Release;
		};
		3712C3F023F50F1F00BCF550 /* Build configuration list for PBXNativeTarget "GCSheetModalView" */ = {
			isa = XCConfigurationList;
			buildConfigurations = (
				3712C3F123F50F1F00BCF550 /* Debug */,
				3712C3F223F50F1F00BCF550 /* Release */,
			);
			defaultConfigurationIsVisible = 0;
			defaultConfigurationName = Release;
		};
/* End XCConfigurationList section */
	};
	rootObject = 3712C3D423F50F1B00BCF550 /* Project object */;
}
